
Microsoft Visual Studio Solution File, Format Version 12.00
# Visual Studio Version 16
VisualStudioVersion = 16.0.34601.136
MinimumVisualStudioVersion = 10.0.40219.1
Project("{FAE04EC0-301F-11D3-BF4B-00C04F79EFBC}") = "20240422_1", "20240422_1\20240422_1.csproj", "{525219F0-819D-477E-90A4-BB0546E4AA3D}"
EndProject
Project("{FAE04EC0-301F-11D3-BF4B-00C04F79EFBC}") = "20240422_2", "20240422_2\20240422_2.csproj", "{C8161939-3F69-459D-8F04-D9AB42463175}"
EndProject
Project("{FAE04EC0-301F-11D3-BF4B-00C04F79EFBC}") = "20240422_3", "20240422_3\20240422_3.csproj", "{0A66AD1D-EE7E-497D-BD82-399DEA957823}"
EndProject
Project("{FAE04EC0-301F-11D3-BF4B-00C04F79EFBC}") = "Dungeon_Game", "Dungeon_Game\Dungeon_Game.csproj", "{60DD38C0-646D-4D66-9E58-F0F151DEAC1D}"
EndProject
Project("{FAE04EC0-301F-11D3-BF4B-00C04F79EFBC}") = "20240423", "20240423\20240423.csproj", "{A12EB703-4B8B-47D8-98AB-875922D9FAFF}"
EndProject
Global
	GlobalSection(SolutionConfigurationPlatforms) = preSolution
		Debug|Any CPU = Debug|Any CPU
		Release|Any CPU = Release|Any CPU
	EndGlobalSection
	GlobalSection(ProjectConfigurationPlatforms) = postSolution
		{525219F0-819D-477E-90A4-BB0546E4AA3D}.Debug|Any CPU.ActiveCfg = Debug|Any CPU
		{525219F0-819D-477E-90A4-BB0546E4AA3D}.Debug|Any CPU.Build.0 = Debug|Any CPU
		{525219F0-819D-477E-90A4-BB0546E4AA3D}.Release|Any CPU.ActiveCfg = Release|Any CPU
		{525219F0-819D-477E-90A4-BB0546E4AA3D}.Release|Any CPU.Build.0 = Release|Any CPU
		{C8161939-3F69-459D-8F04-D9AB42463175}.Debug|Any CPU.ActiveCfg = Debug|Any CPU
		{C8161939-3F69-459D-8F04-D9AB42463175}.Debug|Any CPU.Build.0 = Debug|Any CPU
		{C8161939-3F69-459D-8F04-D9AB42463175}.Release|Any CPU.ActiveCfg = Release|Any CPU
		{C8161939-3F69-459D-8F04-D9AB42463175}.Release|Any CPU.Build.0 = Release|Any CPU
		{0A66AD1D-EE7E-497D-BD82-399DEA957823}.Debug|Any CPU.ActiveCfg = Debug|Any CPU
		{0A66AD1D-EE7E-497D-BD82-399DEA957823}.Debug|Any CPU.Build.0 = Debug|Any CPU
		{0A66AD1D-EE7E-497D-BD82-399DEA957823}.Release|Any CPU.ActiveCfg = Release|Any CPU
		{0A66AD1D-EE7E-497D-BD82-399DEA957823}.Release|Any CPU.Build.0 = Release|Any CPU
		{60DD38C0-646D-4D66-9E58-F0F151DEAC1D}.Debug|Any CPU.ActiveCfg = Debug|Any CPU
		{60DD38C0-646D-4D66-9E58-F0F151DEAC1D}.Debug|Any CPU.Build.0 = Debug|Any CPU
		{60DD38C0-646D-4D66-9E58-F0F151DEAC1D}.Release|Any CPU.ActiveCfg = Release|Any CPU
		{60DD38C0-646D-4D66-9E58-F0F151DEAC1D}.Release|Any CPU.Build.0 = Release|Any CPU
		{A12EB703-4B8B-47D8-98AB-875922D9FAFF}.Debug|Any CPU.ActiveCfg = Debug|Any CPU
		{A12EB703-4B8B-47D8-98AB-875922D9FAFF}.Debug|Any CPU.Build.0 = Debug|Any CPU
		{A12EB703-4B8B-47D8-98AB-875922D9FAFF}.Release|Any CPU.ActiveCfg = Release|Any CPU
		{A12EB703-4B8B-47D8-98AB-875922D9FAFF}.Release|Any CPU.Build.0 = Release|Any CPU
	EndGlobalSection
	GlobalSection(SolutionProperties) = preSolution
		HideSolutionNode = FALSE
	EndGlobalSection
	GlobalSection(ExtensibilityGlobals) = postSolution
		SolutionGuid = {E723D027-32C1-4871-A4B7-ACEA7E879B32}
	EndGlobalSection
EndGlobal
